
Microsoft Visual Studio Solution File, Format Version 12.00
# Visual Studio Version 17
VisualStudioVersion = 17.14.36203.30 d17.14
MinimumVisualStudioVersion = 10.0.40219.1
Project("{FAE04EC0-301F-11D3-BF4B-00C04F79EFBC}") = "burgerApp", "burgerApp.csproj", "{77B209AA-1B3B-4AC2-B830-88E4341C56A9}"
EndProject
Global
	GlobalSection(SolutionConfigurationPlatforms) = preSolution
		Debug|Any CPU = Debug|Any CPU
		Release|Any CPU = Release|Any CPU
	EndGlobalSection
	GlobalSection(ProjectConfigurationPlatforms) = postSolution
		{77B209AA-1B3B-4AC2-B830-88E4341C56A9}.Debug|Any CPU.ActiveCfg = Debug|Any CPU
		{77B209AA-1B3B-4AC2-B830-88E4341C56A9}.Debug|Any CPU.Build.0 = Debug|Any CPU
		{77B209AA-1B3B-4AC2-B830-88E4341C56A9}.Release|Any CPU.ActiveCfg = Release|Any CPU
		{77B209AA-1B3B-4AC2-B830-88E4341C56A9}.Release|Any CPU.Build.0 = Release|Any CPU
	EndGlobalSection
	GlobalSection(SolutionProperties) = preSolution
		HideSolutionNode = FALSE
	EndGlobalSection
	GlobalSection(ExtensibilityGlobals) = postSolution
		SolutionGuid = {ECA114D9-8D40-4319-B486-BB550B4BBE72}
	EndGlobalSection
EndGlobal
